
Microsoft Visual Studio Solution File, Format Version 12.00
# Visual Studio Version 17
VisualStudioVersion = 17.5.002.0
MinimumVisualStudioVersion = 10.0.40219.1
Project("{9A19103F-16F7-4668-BE54-9A1E7A4F7556}") = "ThreeAmigos.Products", "ThreeAmigos.Products\ThreeAmigos.Products.csproj", "{BA71C597-F47D-4C4C-BE1A-334F302418DF}"
EndProject
Project("{FAE04EC0-301F-11D3-BF4B-00C04F79EFBC}") = "ThreeAmigosWebsite", "ThreeAmigosWebsite\ThreeAmigosWebsite.csproj", "{A7DAC589-92C5-4E54-9B11-ECC56DDDCF2F}"
EndProject
Project("{FAE04EC0-301F-11D3-BF4B-00C04F79EFBC}") = "ThreeAmigosUnitTesting", "ThreeAmigosUnitTesting\ThreeAmigosUnitTesting.csproj", "{4B8A6A81-7D67-4EE5-8197-95D706F04509}"
EndProject
Global
	GlobalSection(SolutionConfigurationPlatforms) = preSolution
		Debug|Any CPU = Debug|Any CPU
		Release|Any CPU = Release|Any CPU
	EndGlobalSection
	GlobalSection(ProjectConfigurationPlatforms) = postSolution
		{BA71C597-F47D-4C4C-BE1A-334F302418DF}.Debug|Any CPU.ActiveCfg = Debug|Any CPU
		{BA71C597-F47D-4C4C-BE1A-334F302418DF}.Debug|Any CPU.Build.0 = Debug|Any CPU
		{BA71C597-F47D-4C4C-BE1A-334F302418DF}.Release|Any CPU.ActiveCfg = Release|Any CPU
		{BA71C597-F47D-4C4C-BE1A-334F302418DF}.Release|Any CPU.Build.0 = Release|Any CPU
		{C79C8C12-88EF-496F-8E4A-4C43D3D9452A}.Debug|Any CPU.ActiveCfg = Debug|Any CPU
		{C79C8C12-88EF-496F-8E4A-4C43D3D9452A}.Debug|Any CPU.Build.0 = Debug|Any CPU
		{C79C8C12-88EF-496F-8E4A-4C43D3D9452A}.Release|Any CPU.ActiveCfg = Release|Any CPU
		{C79C8C12-88EF-496F-8E4A-4C43D3D9452A}.Release|Any CPU.Build.0 = Release|Any CPU
		{26420872-E53C-49FF-A11F-CDA0327205E3}.Debug|Any CPU.ActiveCfg = Debug|Any CPU
		{26420872-E53C-49FF-A11F-CDA0327205E3}.Debug|Any CPU.Build.0 = Debug|Any CPU
		{26420872-E53C-49FF-A11F-CDA0327205E3}.Release|Any CPU.ActiveCfg = Release|Any CPU
		{26420872-E53C-49FF-A11F-CDA0327205E3}.Release|Any CPU.Build.0 = Release|Any CPU
		{A7DAC589-92C5-4E54-9B11-ECC56DDDCF2F}.Debug|Any CPU.ActiveCfg = Debug|Any CPU
		{A7DAC589-92C5-4E54-9B11-ECC56DDDCF2F}.Debug|Any CPU.Build.0 = Debug|Any CPU
		{A7DAC589-92C5-4E54-9B11-ECC56DDDCF2F}.Release|Any CPU.ActiveCfg = Release|Any CPU
		{A7DAC589-92C5-4E54-9B11-ECC56DDDCF2F}.Release|Any CPU.Build.0 = Release|Any CPU
		{4B8A6A81-7D67-4EE5-8197-95D706F04509}.Debug|Any CPU.ActiveCfg = Debug|Any CPU
		{4B8A6A81-7D67-4EE5-8197-95D706F04509}.Debug|Any CPU.Build.0 = Debug|Any CPU
		{4B8A6A81-7D67-4EE5-8197-95D706F04509}.Release|Any CPU.ActiveCfg = Release|Any CPU
		{4B8A6A81-7D67-4EE5-8197-95D706F04509}.Release|Any CPU.Build.0 = Release|Any CPU
	EndGlobalSection
	GlobalSection(SolutionProperties) = preSolution
		HideSolutionNode = FALSE
	EndGlobalSection
	GlobalSection(ExtensibilityGlobals) = postSolution
		SolutionGuid = {723A7F50-22AA-4EE4-958F-C9DF605585AB}
	EndGlobalSection
EndGlobal
