
Microsoft Visual Studio Solution File, Format Version 12.00
# Visual Studio Version 17
VisualStudioVersion = 17.5.002.0
MinimumVisualStudioVersion = 10.0.40219.1
Project("{9A19103F-16F7-4668-BE54-9A1E7A4F7556}") = "ThreeAmigos.Products", "ThreeAmigos.Products\ThreeAmigos.Products.csproj", "{BA71C597-F47D-4C4C-BE1A-334F302418DF}"
EndProject
Global
	GlobalSection(SolutionConfigurationPlatforms) = preSolution
		Debug|Any CPU = Debug|Any CPU
		Release|Any CPU = Release|Any CPU
	EndGlobalSection
	GlobalSection(ProjectConfigurationPlatforms) = postSolution
		{BA71C597-F47D-4C4C-BE1A-334F302418DF}.Debug|Any CPU.ActiveCfg = Debug|Any CPU
		{BA71C597-F47D-4C4C-BE1A-334F302418DF}.Debug|Any CPU.Build.0 = Debug|Any CPU
		{BA71C597-F47D-4C4C-BE1A-334F302418DF}.Release|Any CPU.ActiveCfg = Release|Any CPU
		{BA71C597-F47D-4C4C-BE1A-334F302418DF}.Release|Any CPU.Build.0 = Release|Any CPU
	EndGlobalSection
	GlobalSection(SolutionProperties) = preSolution
		HideSolutionNode = FALSE
	EndGlobalSection
	GlobalSection(ExtensibilityGlobals) = postSolution
		SolutionGuid = {723A7F50-22AA-4EE4-958F-C9DF605585AB}
	EndGlobalSection
EndGlobal
